// !$*UTF8*$!
{
	archiveVersion = 1;
	classes = {
	};
	objectVersion = 50;
	objects = {

/* Begin PBXBuildFile section */
		CE59F40122EE3A2700657986 /* ServerManagerProtocol.swift in Sources */ = {isa = PBXBuildFile; fileRef = CE59F40022EE3A2700657986 /* ServerManagerProtocol.swift */; };
		CE59F40322EE3D8300657986 /* PhotoSearchInteractorProtocol.swift in Sources */ = {isa = PBXBuildFile; fileRef = CE59F40222EE3D8300657986 /* PhotoSearchInteractorProtocol.swift */; };
		CE59F40522EE406B00657986 /* PhotoSearchPresenterProtocol.swift in Sources */ = {isa = PBXBuildFile; fileRef = CE59F40422EE406A00657986 /* PhotoSearchPresenterProtocol.swift */; };
		CE59F40722EE410400657986 /* PhotoViewControllerProtocol.swift in Sources */ = {isa = PBXBuildFile; fileRef = CE59F40622EE410400657986 /* PhotoViewControllerProtocol.swift */; };
		CE59F40922EE433D00657986 /* Constans.swift in Sources */ = {isa = PBXBuildFile; fileRef = CE59F40822EE433D00657986 /* Constans.swift */; };
		CE59F41022F0CA1E00657986 /* PhotoItemCell.swift in Sources */ = {isa = PBXBuildFile; fileRef = CE59F40F22F0CA1E00657986 /* PhotoItemCell.swift */; };
		CE59F41222F0CA3600657986 /* PhotoLoadingCell.swift in Sources */ = {isa = PBXBuildFile; fileRef = CE59F41122F0CA3600657986 /* PhotoLoadingCell.swift */; };
		CE59F41422F188F000657986 /* ReuseIdentifierProtocol.swift in Sources */ = {isa = PBXBuildFile; fileRef = CE59F41322F188F000657986 /* ReuseIdentifierProtocol.swift */; };
		CE95B41022F2C3AD00FEE667 /* PhotoSearchRoutingProtocol.swift in Sources */ = {isa = PBXBuildFile; fileRef = CE95B40F22F2C3AD00FEE667 /* PhotoSearchRoutingProtocol.swift */; };
		CE95B41222F3002300FEE667 /* PhotoDetailInteractorProtocol.swift in Sources */ = {isa = PBXBuildFile; fileRef = CE95B41122F3002300FEE667 /* PhotoDetailInteractorProtocol.swift */; };
		CE95B41422F30A2500FEE667 /* PhotoDetailPresenterProtocol.swift in Sources */ = {isa = PBXBuildFile; fileRef = CE95B41322F30A2500FEE667 /* PhotoDetailPresenterProtocol.swift */; };
		CE95B41622F30AC800FEE667 /* PhotoDetailViewControllerProtocol.swift in Sources */ = {isa = PBXBuildFile; fileRef = CE95B41522F30AC800FEE667 /* PhotoDetailViewControllerProtocol.swift */; };
		CEB4D8BF22ECBC40003022E6 /* PhotosInfo.swift in Sources */ = {isa = PBXBuildFile; fileRef = CEB4D8BE22ECBC40003022E6 /* PhotosInfo.swift */; };
		CEB4D8C122ECBF1B003022E6 /* PhotosResponse.swift in Sources */ = {isa = PBXBuildFile; fileRef = CEB4D8C022ECBF1B003022E6 /* PhotosResponse.swift */; };
		CEEC8BAD22EC5162003957EC /* AppDelegate.swift in Sources */ = {isa = PBXBuildFile; fileRef = CEEC8BAC22EC5162003957EC /* AppDelegate.swift */; };
		CEEC8BB222EC5162003957EC /* Main.storyboard in Resources */ = {isa = PBXBuildFile; fileRef = CEEC8BB022EC5162003957EC /* Main.storyboard */; };
		CEEC8BB422EC5164003957EC /* Assets.xcassets in Resources */ = {isa = PBXBuildFile; fileRef = CEEC8BB322EC5164003957EC /* Assets.xcassets */; };
		CEEC8BB722EC5164003957EC /* LaunchScreen.storyboard in Resources */ = {isa = PBXBuildFile; fileRef = CEEC8BB522EC5164003957EC /* LaunchScreen.storyboard */; };
		CEEC8BBF22EC7119003957EC /* PhotoViewController.swift in Sources */ = {isa = PBXBuildFile; fileRef = CEEC8BBE22EC7119003957EC /* PhotoViewController.swift */; };
		CEEC8BC122EC7168003957EC /* PhotoDetailViewController.swift in Sources */ = {isa = PBXBuildFile; fileRef = CEEC8BC022EC7168003957EC /* PhotoDetailViewController.swift */; };
		CEEC8BC822EC7659003957EC /* PhotoSearchInteractor.swift in Sources */ = {isa = PBXBuildFile; fileRef = CEEC8BC722EC7659003957EC /* PhotoSearchInteractor.swift */; };
		CEEC8BCA22EC7671003957EC /* PhotoDetailInteractor.swift in Sources */ = {isa = PBXBuildFile; fileRef = CEEC8BC922EC7671003957EC /* PhotoDetailInteractor.swift */; };
		CEEC8BCC22EC76D4003957EC /* PhotoSearchPresenter.swift in Sources */ = {isa = PBXBuildFile; fileRef = CEEC8BCB22EC76D4003957EC /* PhotoSearchPresenter.swift */; };
		CEEC8BCE22EC76ED003957EC /* PhotoDetailPresenter.swift in Sources */ = {isa = PBXBuildFile; fileRef = CEEC8BCD22EC76ED003957EC /* PhotoDetailPresenter.swift */; };
		CEEC8BD122EC7789003957EC /* Photo.swift in Sources */ = {isa = PBXBuildFile; fileRef = CEEC8BD022EC7789003957EC /* Photo.swift */; };
		CEEC8BD422EC77F1003957EC /* ServerManager.swift in Sources */ = {isa = PBXBuildFile; fileRef = CEEC8BD322EC77F1003957EC /* ServerManager.swift */; };
		CEEC8BD622EC78D0003957EC /* PhotoSearchRouting.swift in Sources */ = {isa = PBXBuildFile; fileRef = CEEC8BD522EC78D0003957EC /* PhotoSearchRouting.swift */; };
		CEEC8BD822EC78E7003957EC /* PhotoSearchAssembly.swift in Sources */ = {isa = PBXBuildFile; fileRef = CEEC8BD722EC78E7003957EC /* PhotoSearchAssembly.swift */; };
		CEEC8BDA22EC7923003957EC /* PhotoDetailAssembly.swift in Sources */ = {isa = PBXBuildFile; fileRef = CEEC8BD922EC7923003957EC /* PhotoDetailAssembly.swift */; };
/* End PBXBuildFile section */

/* Begin PBXFileReference section */
		CE59F40022EE3A2700657986 /* ServerManagerProtocol.swift */ = {isa = PBXFileReference; lastKnownFileType = sourcecode.swift; path = ServerManagerProtocol.swift; sourceTree = "<group>"; };
		CE59F40222EE3D8300657986 /* PhotoSearchInteractorProtocol.swift */ = {isa = PBXFileReference; lastKnownFileType = sourcecode.swift; path = PhotoSearchInteractorProtocol.swift; sourceTree = "<group>"; };
		CE59F40422EE406A00657986 /* PhotoSearchPresenterProtocol.swift */ = {isa = PBXFileReference; lastKnownFileType = sourcecode.swift; path = PhotoSearchPresenterProtocol.swift; sourceTree = "<group>"; };
		CE59F40622EE410400657986 /* PhotoViewControllerProtocol.swift */ = {isa = PBXFileReference; lastKnownFileType = sourcecode.swift; path = PhotoViewControllerProtocol.swift; sourceTree = "<group>"; };
		CE59F40822EE433D00657986 /* Constans.swift */ = {isa = PBXFileReference; lastKnownFileType = sourcecode.swift; path = Constans.swift; sourceTree = "<group>"; };
		CE59F40F22F0CA1E00657986 /* PhotoItemCell.swift */ = {isa = PBXFileReference; lastKnownFileType = sourcecode.swift; path = PhotoItemCell.swift; sourceTree = "<group>"; };
		CE59F41122F0CA3600657986 /* PhotoLoadingCell.swift */ = {isa = PBXFileReference; lastKnownFileType = sourcecode.swift; path = PhotoLoadingCell.swift; sourceTree = "<group>"; };
		CE59F41322F188F000657986 /* ReuseIdentifierProtocol.swift */ = {isa = PBXFileReference; lastKnownFileType = sourcecode.swift; name = ReuseIdentifierProtocol.swift; path = PhotoSearch/Modules/View/Cells/ReuseIdentifierProtocol.swift; sourceTree = "<group>"; };
		CE95B40F22F2C3AD00FEE667 /* PhotoSearchRoutingProtocol.swift */ = {isa = PBXFileReference; lastKnownFileType = sourcecode.swift; path = PhotoSearchRoutingProtocol.swift; sourceTree = "<group>"; };
		CE95B41122F3002300FEE667 /* PhotoDetailInteractorProtocol.swift */ = {isa = PBXFileReference; lastKnownFileType = sourcecode.swift; path = PhotoDetailInteractorProtocol.swift; sourceTree = "<group>"; };
		CE95B41322F30A2500FEE667 /* PhotoDetailPresenterProtocol.swift */ = {isa = PBXFileReference; lastKnownFileType = sourcecode.swift; path = PhotoDetailPresenterProtocol.swift; sourceTree = "<group>"; };
		CE95B41522F30AC800FEE667 /* PhotoDetailViewControllerProtocol.swift */ = {isa = PBXFileReference; lastKnownFileType = sourcecode.swift; path = PhotoDetailViewControllerProtocol.swift; sourceTree = "<group>"; };
		CEB4D8BE22ECBC40003022E6 /* PhotosInfo.swift */ = {isa = PBXFileReference; lastKnownFileType = sourcecode.swift; path = PhotosInfo.swift; sourceTree = "<group>"; };
		CEB4D8C022ECBF1B003022E6 /* PhotosResponse.swift */ = {isa = PBXFileReference; lastKnownFileType = sourcecode.swift; path = PhotosResponse.swift; sourceTree = "<group>"; };
		CEEC8BA922EC5162003957EC /* ViperTest.app */ = {isa = PBXFileReference; explicitFileType = wrapper.application; includeInIndex = 0; path = ViperTest.app; sourceTree = BUILT_PRODUCTS_DIR; };
		CEEC8BAC22EC5162003957EC /* AppDelegate.swift */ = {isa = PBXFileReference; lastKnownFileType = sourcecode.swift; path = AppDelegate.swift; sourceTree = "<group>"; };
		CEEC8BB122EC5162003957EC /* Base */ = {isa = PBXFileReference; lastKnownFileType = file.storyboard; name = Base; path = Base.lproj/Main.storyboard; sourceTree = "<group>"; };
		CEEC8BB322EC5164003957EC /* Assets.xcassets */ = {isa = PBXFileReference; lastKnownFileType = folder.assetcatalog; path = Assets.xcassets; sourceTree = "<group>"; };
		CEEC8BB622EC5164003957EC /* Base */ = {isa = PBXFileReference; lastKnownFileType = file.storyboard; name = Base; path = Base.lproj/LaunchScreen.storyboard; sourceTree = "<group>"; };
		CEEC8BB822EC5164003957EC /* Info.plist */ = {isa = PBXFileReference; lastKnownFileType = text.plist.xml; path = Info.plist; sourceTree = "<group>"; };
		CEEC8BBE22EC7119003957EC /* PhotoViewController.swift */ = {isa = PBXFileReference; lastKnownFileType = sourcecode.swift; path = PhotoViewController.swift; sourceTree = "<group>"; };
		CEEC8BC022EC7168003957EC /* PhotoDetailViewController.swift */ = {isa = PBXFileReference; lastKnownFileType = sourcecode.swift; path = PhotoDetailViewController.swift; sourceTree = "<group>"; };
		CEEC8BC722EC7659003957EC /* PhotoSearchInteractor.swift */ = {isa = PBXFileReference; lastKnownFileType = sourcecode.swift; path = PhotoSearchInteractor.swift; sourceTree = "<group>"; };
		CEEC8BC922EC7671003957EC /* PhotoDetailInteractor.swift */ = {isa = PBXFileReference; lastKnownFileType = sourcecode.swift; path = PhotoDetailInteractor.swift; sourceTree = "<group>"; };
		CEEC8BCB22EC76D4003957EC /* PhotoSearchPresenter.swift */ = {isa = PBXFileReference; lastKnownFileType = sourcecode.swift; path = PhotoSearchPresenter.swift; sourceTree = "<group>"; };
		CEEC8BCD22EC76ED003957EC /* PhotoDetailPresenter.swift */ = {isa = PBXFileReference; lastKnownFileType = sourcecode.swift; path = PhotoDetailPresenter.swift; sourceTree = "<group>"; };
		CEEC8BD022EC7789003957EC /* Photo.swift */ = {isa = PBXFileReference; lastKnownFileType = sourcecode.swift; path = Photo.swift; sourceTree = "<group>"; };
		CEEC8BD322EC77F1003957EC /* ServerManager.swift */ = {isa = PBXFileReference; lastKnownFileType = sourcecode.swift; path = ServerManager.swift; sourceTree = "<group>"; };
		CEEC8BD522EC78D0003957EC /* PhotoSearchRouting.swift */ = {isa = PBXFileReference; lastKnownFileType = sourcecode.swift; path = PhotoSearchRouting.swift; sourceTree = "<group>"; };
		CEEC8BD722EC78E7003957EC /* PhotoSearchAssembly.swift */ = {isa = PBXFileReference; lastKnownFileType = sourcecode.swift; path = PhotoSearchAssembly.swift; sourceTree = "<group>"; };
		CEEC8BD922EC7923003957EC /* PhotoDetailAssembly.swift */ = {isa = PBXFileReference; lastKnownFileType = sourcecode.swift; path = PhotoDetailAssembly.swift; sourceTree = "<group>"; };
/* End PBXFileReference section */

/* Begin PBXFrameworksBuildPhase section */
		CEEC8BA622EC5162003957EC /* Frameworks */ = {
			isa = PBXFrameworksBuildPhase;
			buildActionMask = 2147483647;
			files = (
			);
			runOnlyForDeploymentPostprocessing = 0;
		};
/* End PBXFrameworksBuildPhase section */

/* Begin PBXGroup section */
		CE59F40A22F0C94C00657986 /* Cells */ = {
			isa = PBXGroup;
			children = (
				CE59F40F22F0CA1E00657986 /* PhotoItemCell.swift */,
				CE59F41122F0CA3600657986 /* PhotoLoadingCell.swift */,
			);
			path = Cells;
			sourceTree = "<group>";
		};
		CEEC8BA022EC5162003957EC = {
			isa = PBXGroup;
			children = (
				CEEC8BAB22EC5162003957EC /* ViperTest */,
				CEEC8BAA22EC5162003957EC /* Products */,
			);
			sourceTree = "<group>";
		};
		CEEC8BAA22EC5162003957EC /* Products */ = {
			isa = PBXGroup;
			children = (
				CEEC8BA922EC5162003957EC /* ViperTest.app */,
			);
			name = Products;
			sourceTree = "<group>";
		};
		CEEC8BAB22EC5162003957EC /* ViperTest */ = {
			isa = PBXGroup;
			children = (
				CE59F40822EE433D00657986 /* Constans.swift */,
				CE59F41322F188F000657986 /* ReuseIdentifierProtocol.swift */,
				CEEC8BD222EC77D4003957EC /* Services */,
				CEEC8BCF22EC776C003957EC /* Models */,
				CEEC8BC422EC754A003957EC /* PhotoSearch */,
				CEEC8BC222EC7522003957EC /* PhotoDetail */,
				CEEC8BAC22EC5162003957EC /* AppDelegate.swift */,
				CEEC8BB022EC5162003957EC /* Main.storyboard */,
				CEEC8BB322EC5164003957EC /* Assets.xcassets */,
				CEEC8BB522EC5164003957EC /* LaunchScreen.storyboard */,
				CEEC8BB822EC5164003957EC /* Info.plist */,
			);
			path = ViperTest;
			sourceTree = "<group>";
		};
		CEEC8BC222EC7522003957EC /* PhotoDetail */ = {
			isa = PBXGroup;
			children = (
				CEEC8BC622EC7568003957EC /* Modules */,
			);
			path = PhotoDetail;
			sourceTree = "<group>";
		};
		CEEC8BC422EC754A003957EC /* PhotoSearch */ = {
			isa = PBXGroup;
			children = (
				CEEC8BC522EC7564003957EC /* Modules */,
			);
			path = PhotoSearch;
			sourceTree = "<group>";
		};
		CEEC8BC522EC7564003957EC /* Modules */ = {
			isa = PBXGroup;
			children = (
				CEEC8BDB22EC7931003957EC /* View */,
				CEEC8BDD22EC7961003957EC /* Presenter */,
				CEEC8BDC22EC7953003957EC /* Interactor */,
				CEEC8BDE22EC7972003957EC /* Routing */,
				CEEC8BDF22EC7985003957EC /* Assembly */,
			);
			path = Modules;
			sourceTree = "<group>";
		};
		CEEC8BC622EC7568003957EC /* Modules */ = {
			isa = PBXGroup;
			children = (
				CEEC8BE022EC79E1003957EC /* View */,
				CEEC8BE222EC79FD003957EC /* Presenter */,
				CEEC8BE122EC79F2003957EC /* Interactor */,
				CEEC8BE322EC7A09003957EC /* Assembly */,
			);
			path = Modules;
			sourceTree = "<group>";
		};
		CEEC8BCF22EC776C003957EC /* Models */ = {
			isa = PBXGroup;
			children = (
				CEB4D8C022ECBF1B003022E6 /* PhotosResponse.swift */,
				CEB4D8BE22ECBC40003022E6 /* PhotosInfo.swift */,
				CEEC8BD022EC7789003957EC /* Photo.swift */,
			);
			path = Models;
			sourceTree = "<group>";
		};
		CEEC8BD222EC77D4003957EC /* Services */ = {
			isa = PBXGroup;
			children = (
				CEEC8BD322EC77F1003957EC /* ServerManager.swift */,
				CE59F40022EE3A2700657986 /* ServerManagerProtocol.swift */,
			);
			path = Services;
			sourceTree = "<group>";
		};
		CEEC8BDB22EC7931003957EC /* View */ = {
			isa = PBXGroup;
			children = (
				CE59F40A22F0C94C00657986 /* Cells */,
				CEEC8BBE22EC7119003957EC /* PhotoViewController.swift */,
				CE59F40622EE410400657986 /* PhotoViewControllerProtocol.swift */,
			);
			path = View;
			sourceTree = "<group>";
		};
		CEEC8BDC22EC7953003957EC /* Interactor */ = {
			isa = PBXGroup;
			children = (
				CEEC8BC722EC7659003957EC /* PhotoSearchInteractor.swift */,
				CE59F40222EE3D8300657986 /* PhotoSearchInteractorProtocol.swift */,
			);
			name = Interactor;
			sourceTree = "<group>";
		};
		CEEC8BDD22EC7961003957EC /* Presenter */ = {
			isa = PBXGroup;
			children = (
				CEEC8BCB22EC76D4003957EC /* PhotoSearchPresenter.swift */,
				CE59F40422EE406A00657986 /* PhotoSearchPresenterProtocol.swift */,
			);
			path = Presenter;
			sourceTree = "<group>";
		};
		CEEC8BDE22EC7972003957EC /* Routing */ = {
			isa = PBXGroup;
			children = (
				CEEC8BD522EC78D0003957EC /* PhotoSearchRouting.swift */,
				CE95B40F22F2C3AD00FEE667 /* PhotoSearchRoutingProtocol.swift */,
			);
			path = Routing;
			sourceTree = "<group>";
		};
		CEEC8BDF22EC7985003957EC /* Assembly */ = {
			isa = PBXGroup;
			children = (
				CEEC8BD722EC78E7003957EC /* PhotoSearchAssembly.swift */,
			);
			path = Assembly;
			sourceTree = "<group>";
		};
		CEEC8BE022EC79E1003957EC /* View */ = {
			isa = PBXGroup;
			children = (
				CEEC8BC022EC7168003957EC /* PhotoDetailViewController.swift */,
				CE95B41522F30AC800FEE667 /* PhotoDetailViewControllerProtocol.swift */,
			);
			path = View;
			sourceTree = "<group>";
		};
		CEEC8BE122EC79F2003957EC /* Interactor */ = {
			isa = PBXGroup;
			children = (
				CEEC8BC922EC7671003957EC /* PhotoDetailInteractor.swift */,
				CE95B41122F3002300FEE667 /* PhotoDetailInteractorProtocol.swift */,
			);
			path = Interactor;
			sourceTree = "<group>";
		};
		CEEC8BE222EC79FD003957EC /* Presenter */ = {
			isa = PBXGroup;
			children = (
				CEEC8BCD22EC76ED003957EC /* PhotoDetailPresenter.swift */,
				CE95B41322F30A2500FEE667 /* PhotoDetailPresenterProtocol.swift */,
			);
			path = Presenter;
			sourceTree = "<group>";
		};
		CEEC8BE322EC7A09003957EC /* Assembly */ = {
			isa = PBXGroup;
			children = (
				CEEC8BD922EC7923003957EC /* PhotoDetailAssembly.swift */,
			);
			path = Assembly;
			sourceTree = "<group>";
		};
/* End PBXGroup section */

/* Begin PBXNativeTarget section */
		CEEC8BA822EC5162003957EC /* ViperTest */ = {
			isa = PBXNativeTarget;
			buildConfigurationList = CEEC8BBB22EC5164003957EC /* Build configuration list for PBXNativeTarget "ViperTest" */;
			buildPhases = (
				CEEC8BA522EC5162003957EC /* Sources */,
				CEEC8BA622EC5162003957EC /* Frameworks */,
				CEEC8BA722EC5162003957EC /* Resources */,
			);
			buildRules = (
			);
			dependencies = (
			);
			name = ViperTest;
			productName = ViperTest;
			productReference = CEEC8BA922EC5162003957EC /* ViperTest.app */;
			productType = "com.apple.product-type.application";
		};
/* End PBXNativeTarget section */

/* Begin PBXProject section */
		CEEC8BA122EC5162003957EC /* Project object */ = {
			isa = PBXProject;
			attributes = {
				LastSwiftUpdateCheck = 1020;
				LastUpgradeCheck = 1020;
				ORGANIZATIONNAME = "Sergey Koshlakov";
				TargetAttributes = {
					CEEC8BA822EC5162003957EC = {
						CreatedOnToolsVersion = 10.2.1;
					};
				};
			};
			buildConfigurationList = CEEC8BA422EC5162003957EC /* Build configuration list for PBXProject "ViperTest" */;
			compatibilityVersion = "Xcode 9.3";
			developmentRegion = en;
			hasScannedForEncodings = 0;
			knownRegions = (
				en,
				Base,
			);
			mainGroup = CEEC8BA022EC5162003957EC;
			productRefGroup = CEEC8BAA22EC5162003957EC /* Products */;
			projectDirPath = "";
			projectRoot = "";
			targets = (
				CEEC8BA822EC5162003957EC /* ViperTest */,
			);
		};
/* End PBXProject section */

/* Begin PBXResourcesBuildPhase section */
		CEEC8BA722EC5162003957EC /* Resources */ = {
			isa = PBXResourcesBuildPhase;
			buildActionMask = 2147483647;
			files = (
				CEEC8BB722EC5164003957EC /* LaunchScreen.storyboard in Resources */,
				CEEC8BB422EC5164003957EC /* Assets.xcassets in Resources */,
				CEEC8BB222EC5162003957EC /* Main.storyboard in Resources */,
			);
			runOnlyForDeploymentPostprocessing = 0;
		};
/* End PBXResourcesBuildPhase section */

/* Begin PBXSourcesBuildPhase section */
		CEEC8BA522EC5162003957EC /* Sources */ = {
			isa = PBXSourcesBuildPhase;
			buildActionMask = 2147483647;
			files = (
				CEEC8BD822EC78E7003957EC /* PhotoSearchAssembly.swift in Sources */,
				CEEC8BC122EC7168003957EC /* PhotoDetailViewController.swift in Sources */,
				CEEC8BD622EC78D0003957EC /* PhotoSearchRouting.swift in Sources */,
				CE59F41222F0CA3600657986 /* PhotoLoadingCell.swift in Sources */,
				CE59F41022F0CA1E00657986 /* PhotoItemCell.swift in Sources */,
				CE59F40322EE3D8300657986 /* PhotoSearchInteractorProtocol.swift in Sources */,
				CEEC8BCA22EC7671003957EC /* PhotoDetailInteractor.swift in Sources */,
				CE59F41422F188F000657986 /* ReuseIdentifierProtocol.swift in Sources */,
				CE95B41422F30A2500FEE667 /* PhotoDetailPresenterProtocol.swift in Sources */,
				CE95B41222F3002300FEE667 /* PhotoDetailInteractorProtocol.swift in Sources */,
				CEEC8BC822EC7659003957EC /* PhotoSearchInteractor.swift in Sources */,
				CEEC8BCE22EC76ED003957EC /* PhotoDetailPresenter.swift in Sources */,
				CE59F40722EE410400657986 /* PhotoViewControllerProtocol.swift in Sources */,
				CE59F40922EE433D00657986 /* Constans.swift in Sources */,
				CEEC8BCC22EC76D4003957EC /* PhotoSearchPresenter.swift in Sources */,
				CE59F40522EE406B00657986 /* PhotoSearchPresenterProtocol.swift in Sources */,
				CEEC8BAD22EC5162003957EC /* AppDelegate.swift in Sources */,
				CE59F40122EE3A2700657986 /* ServerManagerProtocol.swift in Sources */,
				CE95B41022F2C3AD00FEE667 /* PhotoSearchRoutingProtocol.swift in Sources */,
				CEEC8BD122EC7789003957EC /* Photo.swift in Sources */,
				CEB4D8C122ECBF1B003022E6 /* PhotosResponse.swift in Sources */,
				CEEC8BDA22EC7923003957EC /* PhotoDetailAssembly.swift in Sources */,
				CEB4D8BF22ECBC40003022E6 /* PhotosInfo.swift in Sources */,
				CEEC8BD422EC77F1003957EC /* ServerManager.swift in Sources */,
				CE95B41622F30AC800FEE667 /* PhotoDetailViewControllerProtocol.swift in Sources */,
				CEEC8BBF22EC7119003957EC /* PhotoViewController.swift in Sources */,
			);
			runOnlyForDeploymentPostprocessing = 0;
		};
/* End PBXSourcesBuildPhase section */

/* Begin PBXVariantGroup section */
		CEEC8BB022EC5162003957EC /* Main.storyboard */ = {
			isa = PBXVariantGroup;
			children = (
				CEEC8BB122EC5162003957EC /* Base */,
			);
			name = Main.storyboard;
			sourceTree = "<group>";
		};
		CEEC8BB522EC5164003957EC /* LaunchScreen.storyboard */ = {
			isa = PBXVariantGroup;
			children = (
				CEEC8BB622EC5164003957EC /* Base */,
			);
			name = LaunchScreen.storyboard;
			sourceTree = "<group>";
		};
/* End PBXVariantGroup section */

/* Begin XCBuildConfiguration section */
		CEEC8BB922EC5164003957EC /* Debug */ = {
			isa = XCBuildConfiguration;
			buildSettings = {
				ALWAYS_SEARCH_USER_PATHS = NO;
				CLANG_ANALYZER_NONNULL = YES;
				CLANG_ANALYZER_NUMBER_OBJECT_CONVERSION = YES_AGGRESSIVE;
				CLANG_CXX_LANGUAGE_STANDARD = "gnu++14";
				CLANG_CXX_LIBRARY = "libc++";
				CLANG_ENABLE_MODULES = YES;
				CLANG_ENABLE_OBJC_ARC = YES;
				CLANG_ENABLE_OBJC_WEAK = YES;
				CLANG_WARN_BLOCK_CAPTURE_AUTORELEASING = YES;
				CLANG_WARN_BOOL_CONVERSION = YES;
				CLANG_WARN_COMMA = YES;
				CLANG_WARN_CONSTANT_CONVERSION = YES;
				CLANG_WARN_DEPRECATED_OBJC_IMPLEMENTATIONS = YES;
				CLANG_WARN_DIRECT_OBJC_ISA_USAGE = YES_ERROR;
				CLANG_WARN_DOCUMENTATION_COMMENTS = YES;
				CLANG_WARN_EMPTY_BODY = YES;
				CLANG_WARN_ENUM_CONVERSION = YES;
				CLANG_WARN_INFINITE_RECURSION = YES;
				CLANG_WARN_INT_CONVERSION = YES;
				CLANG_WARN_NON_LITERAL_NULL_CONVERSION = YES;
				CLANG_WARN_OBJC_IMPLICIT_RETAIN_SELF = YES;
				CLANG_WARN_OBJC_LITERAL_CONVERSION = YES;
				CLANG_WARN_OBJC_ROOT_CLASS = YES_ERROR;
				CLANG_WARN_RANGE_LOOP_ANALYSIS = YES;
				CLANG_WARN_STRICT_PROTOTYPES = YES;
				CLANG_WARN_SUSPICIOUS_MOVE = YES;
				CLANG_WARN_UNGUARDED_AVAILABILITY = YES_AGGRESSIVE;
				CLANG_WARN_UNREACHABLE_CODE = YES;
				CLANG_WARN__DUPLICATE_METHOD_MATCH = YES;
				CODE_SIGN_IDENTITY = "iPhone Developer";
				COPY_PHASE_STRIP = NO;
				DEBUG_INFORMATION_FORMAT = dwarf;
				ENABLE_STRICT_OBJC_MSGSEND = YES;
				ENABLE_TESTABILITY = YES;
				GCC_C_LANGUAGE_STANDARD = gnu11;
				GCC_DYNAMIC_NO_PIC = NO;
				GCC_NO_COMMON_BLOCKS = YES;
				GCC_OPTIMIZATION_LEVEL = 0;
				GCC_PREPROCESSOR_DEFINITIONS = (
					"DEBUG=1",
					"$(inherited)",
				);
				GCC_WARN_64_TO_32_BIT_CONVERSION = YES;
				GCC_WARN_ABOUT_RETURN_TYPE = YES_ERROR;
				GCC_WARN_UNDECLARED_SELECTOR = YES;
				GCC_WARN_UNINITIALIZED_AUTOS = YES_AGGRESSIVE;
				GCC_WARN_UNUSED_FUNCTION = YES;
				GCC_WARN_UNUSED_VARIABLE = YES;
				IPHONEOS_DEPLOYMENT_TARGET = 12.2;
				MTL_ENABLE_DEBUG_INFO = INCLUDE_SOURCE;
				MTL_FAST_MATH = YES;
				ONLY_ACTIVE_ARCH = YES;
				SDKROOT = iphoneos;
				SWIFT_ACTIVE_COMPILATION_CONDITIONS = DEBUG;
				SWIFT_OPTIMIZATION_LEVEL = "-Onone";
			};
			name = Debug;
		};
		CEEC8BBA22EC5164003957EC /* Release */ = {
			isa = XCBuildConfiguration;
			buildSettings = {
				ALWAYS_SEARCH_USER_PATHS = NO;
				CLANG_ANALYZER_NONNULL = YES;
				CLANG_ANALYZER_NUMBER_OBJECT_CONVERSION = YES_AGGRESSIVE;
				CLANG_CXX_LANGUAGE_STANDARD = "gnu++14";
				CLANG_CXX_LIBRARY = "libc++";
				CLANG_ENABLE_MODULES = YES;
				CLANG_ENABLE_OBJC_ARC = YES;
				CLANG_ENABLE_OBJC_WEAK = YES;
				CLANG_WARN_BLOCK_CAPTURE_AUTORELEASING = YES;
				CLANG_WARN_BOOL_CONVERSION = YES;
				CLANG_WARN_COMMA = YES;
				CLANG_WARN_CONSTANT_CONVERSION = YES;
				CLANG_WARN_DEPRECATED_OBJC_IMPLEMENTATIONS = YES;
				CLANG_WARN_DIRECT_OBJC_ISA_USAGE = YES_ERROR;
				CLANG_WARN_DOCUMENTATION_COMMENTS = YES;
				CLANG_WARN_EMPTY_BODY = YES;
				CLANG_WARN_ENUM_CONVERSION = YES;
				CLANG_WARN_INFINITE_RECURSION = YES;
				CLANG_WARN_INT_CONVERSION = YES;
				CLANG_WARN_NON_LITERAL_NULL_CONVERSION = YES;
				CLANG_WARN_OBJC_IMPLICIT_RETAIN_SELF = YES;
				CLANG_WARN_OBJC_LITERAL_CONVERSION = YES;
				CLANG_WARN_OBJC_ROOT_CLASS = YES_ERROR;
				CLANG_WARN_RANGE_LOOP_ANALYSIS = YES;
				CLANG_WARN_STRICT_PROTOTYPES = YES;
				CLANG_WARN_SUSPICIOUS_MOVE = YES;
				CLANG_WARN_UNGUARDED_AVAILABILITY = YES_AGGRESSIVE;
				CLANG_WARN_UNREACHABLE_CODE = YES;
				CLANG_WARN__DUPLICATE_METHOD_MATCH = YES;
				CODE_SIGN_IDENTITY = "iPhone Developer";
				COPY_PHASE_STRIP = NO;
				DEBUG_INFORMATION_FORMAT = "dwarf-with-dsym";
				ENABLE_NS_ASSERTIONS = NO;
				ENABLE_STRICT_OBJC_MSGSEND = YES;
				GCC_C_LANGUAGE_STANDARD = gnu11;
				GCC_NO_COMMON_BLOCKS = YES;
				GCC_WARN_64_TO_32_BIT_CONVERSION = YES;
				GCC_WARN_ABOUT_RETURN_TYPE = YES_ERROR;
				GCC_WARN_UNDECLARED_SELECTOR = YES;
				GCC_WARN_UNINITIALIZED_AUTOS = YES_AGGRESSIVE;
				GCC_WARN_UNUSED_FUNCTION = YES;
				GCC_WARN_UNUSED_VARIABLE = YES;
				IPHONEOS_DEPLOYMENT_TARGET = 12.2;
				MTL_ENABLE_DEBUG_INFO = NO;
				MTL_FAST_MATH = YES;
				SDKROOT = iphoneos;
				SWIFT_COMPILATION_MODE = wholemodule;
				SWIFT_OPTIMIZATION_LEVEL = "-O";
				VALIDATE_PRODUCT = YES;
			};
			name = Release;
		};
		CEEC8BBC22EC5164003957EC /* Debug */ = {
			isa = XCBuildConfiguration;
			buildSettings = {
				ASSETCATALOG_COMPILER_APPICON_NAME = AppIcon;
				CODE_SIGN_STYLE = Automatic;
				DEVELOPMENT_TEAM = 5NAELVG29J;
				INFOPLIST_FILE = ViperTest/Info.plist;
				LD_RUNPATH_SEARCH_PATHS = (
					"$(inherited)",
					"@executable_path/Frameworks",
				);
				PRODUCT_BUNDLE_IDENTIFIER = ru.sergeykoshlakov.ViperTest;
				PRODUCT_NAME = "$(TARGET_NAME)";
				SWIFT_VERSION = 5.0;
				TARGETED_DEVICE_FAMILY = "1,2";
			};
			name = Debug;
		};
		CEEC8BBD22EC5164003957EC /* Release */ = {
			isa = XCBuildConfiguration;
			buildSettings = {
				ASSETCATALOG_COMPILER_APPICON_NAME = AppIcon;
				CODE_SIGN_STYLE = Automatic;
				DEVELOPMENT_TEAM = 5NAELVG29J;
				INFOPLIST_FILE = ViperTest/Info.plist;
				LD_RUNPATH_SEARCH_PATHS = (
					"$(inherited)",
					"@executable_path/Frameworks",
				);
				PRODUCT_BUNDLE_IDENTIFIER = ru.sergeykoshlakov.ViperTest;
				PRODUCT_NAME = "$(TARGET_NAME)";
				SWIFT_VERSION = 5.0;
				TARGETED_DEVICE_FAMILY = "1,2";
			};
			name = Release;
		};
/* End XCBuildConfiguration section */

/* Begin XCConfigurationList section */
		CEEC8BA422EC5162003957EC /* Build configuration list for PBXProject "ViperTest" */ = {
			isa = XCConfigurationList;
			buildConfigurations = (
				CEEC8BB922EC5164003957EC /* Debug */,
				CEEC8BBA22EC5164003957EC /* Release */,
			);
			defaultConfigurationIsVisible = 0;
			defaultConfigurationName = Release;
		};
		CEEC8BBB22EC5164003957EC /* Build configuration list for PBXNativeTarget "ViperTest" */ = {
			isa = XCConfigurationList;
			buildConfigurations = (
				CEEC8BBC22EC5164003957EC /* Debug */,
				CEEC8BBD22EC5164003957EC /* Release */,
			);
			defaultConfigurationIsVisible = 0;
			defaultConfigurationName = Release;
		};
/* End XCConfigurationList section */
	};
	rootObject = CEEC8BA122EC5162003957EC /* Project object */;
}
